
Microsoft Visual Studio Solution File, Format Version 12.00
# Visual Studio Version 16
VisualStudioVersion = 16.0.31605.320
MinimumVisualStudioVersion = 10.0.40219.1
Project("{2150E333-8FDC-42A3-9474-1A3956D46DE8}") = "Builder", "Builder", "{708B0CAA-6B35-441E-80A1-5750D310924E}"
EndProject
Project("{FAE04EC0-301F-11D3-BF4B-00C04F79EFBC}") = "Builder.Core", "Builder.Core\Builder.Core.csproj", "{33AF458A-BA2C-4ADE-8ED1-D2D905EAAB05}"
EndProject
Project("{FAE04EC0-301F-11D3-BF4B-00C04F79EFBC}") = "Builder.Infra", "Builder.Infra\Builder.Infra.csproj", "{0FF89A57-B00B-495C-A64A-3EA09DFC09FA}"
EndProject
Project("{FAE04EC0-301F-11D3-BF4B-00C04F79EFBC}") = "Builder", "Builder\Builder.csproj", "{BF5FEF14-C4F5-4059-897B-AA5B0F5121CD}"
EndProject
Global
	GlobalSection(SolutionConfigurationPlatforms) = preSolution
		Debug|Any CPU = Debug|Any CPU
		Release|Any CPU = Release|Any CPU
	EndGlobalSection
	GlobalSection(ProjectConfigurationPlatforms) = postSolution
		{33AF458A-BA2C-4ADE-8ED1-D2D905EAAB05}.Debug|Any CPU.ActiveCfg = Debug|Any CPU
		{33AF458A-BA2C-4ADE-8ED1-D2D905EAAB05}.Debug|Any CPU.Build.0 = Debug|Any CPU
		{33AF458A-BA2C-4ADE-8ED1-D2D905EAAB05}.Release|Any CPU.ActiveCfg = Release|Any CPU
		{33AF458A-BA2C-4ADE-8ED1-D2D905EAAB05}.Release|Any CPU.Build.0 = Release|Any CPU
		{0FF89A57-B00B-495C-A64A-3EA09DFC09FA}.Debug|Any CPU.ActiveCfg = Debug|Any CPU
		{0FF89A57-B00B-495C-A64A-3EA09DFC09FA}.Debug|Any CPU.Build.0 = Debug|Any CPU
		{0FF89A57-B00B-495C-A64A-3EA09DFC09FA}.Release|Any CPU.ActiveCfg = Release|Any CPU
		{0FF89A57-B00B-495C-A64A-3EA09DFC09FA}.Release|Any CPU.Build.0 = Release|Any CPU
		{BF5FEF14-C4F5-4059-897B-AA5B0F5121CD}.Debug|Any CPU.ActiveCfg = Debug|Any CPU
		{BF5FEF14-C4F5-4059-897B-AA5B0F5121CD}.Debug|Any CPU.Build.0 = Debug|Any CPU
		{BF5FEF14-C4F5-4059-897B-AA5B0F5121CD}.Release|Any CPU.ActiveCfg = Release|Any CPU
		{BF5FEF14-C4F5-4059-897B-AA5B0F5121CD}.Release|Any CPU.Build.0 = Release|Any CPU
	EndGlobalSection
	GlobalSection(SolutionProperties) = preSolution
		HideSolutionNode = FALSE
	EndGlobalSection
	GlobalSection(NestedProjects) = preSolution
		{33AF458A-BA2C-4ADE-8ED1-D2D905EAAB05} = {708B0CAA-6B35-441E-80A1-5750D310924E}
		{0FF89A57-B00B-495C-A64A-3EA09DFC09FA} = {708B0CAA-6B35-441E-80A1-5750D310924E}
		{BF5FEF14-C4F5-4059-897B-AA5B0F5121CD} = {708B0CAA-6B35-441E-80A1-5750D310924E}
	EndGlobalSection
	GlobalSection(ExtensibilityGlobals) = postSolution
		SolutionGuid = {47B50948-A8F6-44DD-BA33-572C6B148ACF}
	EndGlobalSection
EndGlobal
