
Microsoft Visual Studio Solution File, Format Version 12.00
# Visual Studio Version 16
VisualStudioVersion = 16.0.31605.320
MinimumVisualStudioVersion = 10.0.40219.1
Project("{2150E333-8FDC-42A3-9474-1A3956D46DE8}") = "Builder", "Builder", "{708B0CAA-6B35-441E-80A1-5750D310924E}"
EndProject
Project("{9A19103F-16F7-4668-BE54-9A1E7A4F7556}") = "Builder.Core", "Builder.Core\Builder.Core.csproj", "{33AF458A-BA2C-4ADE-8ED1-D2D905EAAB05}"
EndProject
Project("{9A19103F-16F7-4668-BE54-9A1E7A4F7556}") = "Builder.Infra", "Builder.Infra\Builder.Infra.csproj", "{0FF89A57-B00B-495C-A64A-3EA09DFC09FA}"
EndProject
Project("{9A19103F-16F7-4668-BE54-9A1E7A4F7556}") = "Builder", "Builder\Builder.csproj", "{BF5FEF14-C4F5-4059-897B-AA5B0F5121CD}"
EndProject
Project("{2150E333-8FDC-42A3-9474-1A3956D46DE8}") = "FactoryMethod", "FactoryMethod", "{349528BF-D721-450A-B729-BB53971F2CC5}"
EndProject
Project("{9A19103F-16F7-4668-BE54-9A1E7A4F7556}") = "FactoryMethod", "FactoryMethod\FactoryMethod.csproj", "{A2E7A6F5-2BDF-410E-8E54-EED5947587D4}"
EndProject
Project("{9A19103F-16F7-4668-BE54-9A1E7A4F7556}") = "FactoryMethod.Core", "FactoryMethod.Core\FactoryMethod.Core.csproj", "{66FA8E79-AD69-4AB8-AD57-025D0D938767}"
EndProject
Project("{9A19103F-16F7-4668-BE54-9A1E7A4F7556}") = "FactoryMethod.Infra", "FactoryMethod.Infra\FactoryMethod.Infra.csproj", "{CFFEA3EE-D5FB-42AC-9384-1ED03D69FB45}"
EndProject
Project("{2150E333-8FDC-42A3-9474-1A3956D46DE8}") = "Singleton", "Singleton", "{4788F95E-D70B-4771-AADC-5A4A4B55588E}"
EndProject
Project("{FAE04EC0-301F-11D3-BF4B-00C04F79EFBC}") = "Singleton", "Singleton\Singleton.csproj", "{8E9412D0-7F50-4905-B77A-C6D293CF3817}"
EndProject
Global
	GlobalSection(SolutionConfigurationPlatforms) = preSolution
		Debug|Any CPU = Debug|Any CPU
		Release|Any CPU = Release|Any CPU
	EndGlobalSection
	GlobalSection(ProjectConfigurationPlatforms) = postSolution
		{33AF458A-BA2C-4ADE-8ED1-D2D905EAAB05}.Debug|Any CPU.ActiveCfg = Debug|Any CPU
		{33AF458A-BA2C-4ADE-8ED1-D2D905EAAB05}.Debug|Any CPU.Build.0 = Debug|Any CPU
		{33AF458A-BA2C-4ADE-8ED1-D2D905EAAB05}.Release|Any CPU.ActiveCfg = Release|Any CPU
		{33AF458A-BA2C-4ADE-8ED1-D2D905EAAB05}.Release|Any CPU.Build.0 = Release|Any CPU
		{0FF89A57-B00B-495C-A64A-3EA09DFC09FA}.Debug|Any CPU.ActiveCfg = Debug|Any CPU
		{0FF89A57-B00B-495C-A64A-3EA09DFC09FA}.Debug|Any CPU.Build.0 = Debug|Any CPU
		{0FF89A57-B00B-495C-A64A-3EA09DFC09FA}.Release|Any CPU.ActiveCfg = Release|Any CPU
		{0FF89A57-B00B-495C-A64A-3EA09DFC09FA}.Release|Any CPU.Build.0 = Release|Any CPU
		{BF5FEF14-C4F5-4059-897B-AA5B0F5121CD}.Debug|Any CPU.ActiveCfg = Debug|Any CPU
		{BF5FEF14-C4F5-4059-897B-AA5B0F5121CD}.Debug|Any CPU.Build.0 = Debug|Any CPU
		{BF5FEF14-C4F5-4059-897B-AA5B0F5121CD}.Release|Any CPU.ActiveCfg = Release|Any CPU
		{BF5FEF14-C4F5-4059-897B-AA5B0F5121CD}.Release|Any CPU.Build.0 = Release|Any CPU
		{A2E7A6F5-2BDF-410E-8E54-EED5947587D4}.Debug|Any CPU.ActiveCfg = Debug|Any CPU
		{A2E7A6F5-2BDF-410E-8E54-EED5947587D4}.Debug|Any CPU.Build.0 = Debug|Any CPU
		{A2E7A6F5-2BDF-410E-8E54-EED5947587D4}.Release|Any CPU.ActiveCfg = Release|Any CPU
		{A2E7A6F5-2BDF-410E-8E54-EED5947587D4}.Release|Any CPU.Build.0 = Release|Any CPU
		{66FA8E79-AD69-4AB8-AD57-025D0D938767}.Debug|Any CPU.ActiveCfg = Debug|Any CPU
		{66FA8E79-AD69-4AB8-AD57-025D0D938767}.Debug|Any CPU.Build.0 = Debug|Any CPU
		{66FA8E79-AD69-4AB8-AD57-025D0D938767}.Release|Any CPU.ActiveCfg = Release|Any CPU
		{66FA8E79-AD69-4AB8-AD57-025D0D938767}.Release|Any CPU.Build.0 = Release|Any CPU
		{CFFEA3EE-D5FB-42AC-9384-1ED03D69FB45}.Debug|Any CPU.ActiveCfg = Debug|Any CPU
		{CFFEA3EE-D5FB-42AC-9384-1ED03D69FB45}.Debug|Any CPU.Build.0 = Debug|Any CPU
		{CFFEA3EE-D5FB-42AC-9384-1ED03D69FB45}.Release|Any CPU.ActiveCfg = Release|Any CPU
		{CFFEA3EE-D5FB-42AC-9384-1ED03D69FB45}.Release|Any CPU.Build.0 = Release|Any CPU
		{8E9412D0-7F50-4905-B77A-C6D293CF3817}.Debug|Any CPU.ActiveCfg = Debug|Any CPU
		{8E9412D0-7F50-4905-B77A-C6D293CF3817}.Debug|Any CPU.Build.0 = Debug|Any CPU
		{8E9412D0-7F50-4905-B77A-C6D293CF3817}.Release|Any CPU.ActiveCfg = Release|Any CPU
		{8E9412D0-7F50-4905-B77A-C6D293CF3817}.Release|Any CPU.Build.0 = Release|Any CPU
	EndGlobalSection
	GlobalSection(SolutionProperties) = preSolution
		HideSolutionNode = FALSE
	EndGlobalSection
	GlobalSection(NestedProjects) = preSolution
		{33AF458A-BA2C-4ADE-8ED1-D2D905EAAB05} = {708B0CAA-6B35-441E-80A1-5750D310924E}
		{0FF89A57-B00B-495C-A64A-3EA09DFC09FA} = {708B0CAA-6B35-441E-80A1-5750D310924E}
		{BF5FEF14-C4F5-4059-897B-AA5B0F5121CD} = {708B0CAA-6B35-441E-80A1-5750D310924E}
		{A2E7A6F5-2BDF-410E-8E54-EED5947587D4} = {349528BF-D721-450A-B729-BB53971F2CC5}
		{66FA8E79-AD69-4AB8-AD57-025D0D938767} = {349528BF-D721-450A-B729-BB53971F2CC5}
		{CFFEA3EE-D5FB-42AC-9384-1ED03D69FB45} = {349528BF-D721-450A-B729-BB53971F2CC5}
		{8E9412D0-7F50-4905-B77A-C6D293CF3817} = {4788F95E-D70B-4771-AADC-5A4A4B55588E}
	EndGlobalSection
	GlobalSection(ExtensibilityGlobals) = postSolution
		SolutionGuid = {47B50948-A8F6-44DD-BA33-572C6B148ACF}
	EndGlobalSection
EndGlobal
